// !$*UTF8*$!
{
	archiveVersion = 1;
	classes = {
	};
	objectVersion = 50;
	objects = {

/* Begin PBXBuildFile section */
		AADB3C002B7B571700BB7F84 /* AlertView.swift in Sources */ = {isa = PBXBuildFile; fileRef = AADB3BFF2B7B571700BB7F84 /* AlertView.swift */; };
		C443DEDB2B74F9D300AEF35A /* CalculationsListViewController.swift in Sources */ = {isa = PBXBuildFile; fileRef = C443DEDA2B74F9D300AEF35A /* CalculationsListViewController.swift */; };
		C443DEE62B74FA1E00AEF35A /* Main.storyboard in Resources */ = {isa = PBXBuildFile; fileRef = C443DEE52B74FA1E00AEF35A /* Main.storyboard */; };
		C443DEEC2B74FD0C00AEF35A /* HistoryTableViewCell.swift in Sources */ = {isa = PBXBuildFile; fileRef = C443DEEB2B74FD0C00AEF35A /* HistoryTableViewCell.swift */; };
		C443DEF42B74FD2100AEF35A /* HistoryTableViewCell.xib in Resources */ = {isa = PBXBuildFile; fileRef = C443DEF32B74FD2100AEF35A /* HistoryTableViewCell.xib */; };
		C44D18FB2B76029F0022AC04 /* Storage.swift in Sources */ = {isa = PBXBuildFile; fileRef = C44D18FA2B76029F0022AC04 /* Storage.swift */; };
		C4CD00A92B74F5D7005396AE /* AppDelegate.swift in Sources */ = {isa = PBXBuildFile; fileRef = C4CD00A82B74F5D7005396AE /* AppDelegate.swift */; };
		C4CD00AB2B74F5D7005396AE /* SceneDelegate.swift in Sources */ = {isa = PBXBuildFile; fileRef = C4CD00AA2B74F5D7005396AE /* SceneDelegate.swift */; };
		C4CD00AD2B74F5D7005396AE /* ViewController.swift in Sources */ = {isa = PBXBuildFile; fileRef = C4CD00AC2B74F5D7005396AE /* ViewController.swift */; };
		C4CD00B22B74F5D8005396AE /* Assets.xcassets in Resources */ = {isa = PBXBuildFile; fileRef = C4CD00B12B74F5D8005396AE /* Assets.xcassets */; };
		C4CD00B52B74F5D8005396AE /* LaunchScreen.storyboard in Resources */ = {isa = PBXBuildFile; fileRef = C4CD00B32B74F5D8005396AE /* LaunchScreen.storyboard */; };
		C4CD00C02B74F5D8005396AE /* TinkoffCalculatorTests.swift in Sources */ = {isa = PBXBuildFile; fileRef = C4CD00BF2B74F5D8005396AE /* TinkoffCalculatorTests.swift */; };
		C4CD00CB2B74F5D8005396AE /* TinkoffCalculatorUITests.swift in Sources */ = {isa = PBXBuildFile; fileRef = C4CD00CA2B74F5D8005396AE /* TinkoffCalculatorUITests.swift */; };
/* End PBXBuildFile section */

/* Begin PBXContainerItemProxy section */
		C4CD00BC2B74F5D8005396AE /* PBXContainerItemProxy */ = {
			isa = PBXContainerItemProxy;
			containerPortal = C4CD009D2B74F5D7005396AE /* Project object */;
			proxyType = 1;
			remoteGlobalIDString = C4CD00A42B74F5D7005396AE;
			remoteInfo = TinkoffCalculator;
		};
		C4CD00C72B74F5D8005396AE /* PBXContainerItemProxy */ = {
			isa = PBXContainerItemProxy;
			containerPortal = C4CD009D2B74F5D7005396AE /* Project object */;
			proxyType = 1;
			remoteGlobalIDString = C4CD00A42B74F5D7005396AE;
			remoteInfo = TinkoffCalculator;
		};
/* End PBXContainerItemProxy section */

/* Begin PBXFileReference section */
		AADB3BFF2B7B571700BB7F84 /* AlertView.swift */ = {isa = PBXFileReference; lastKnownFileType = sourcecode.swift; path = AlertView.swift; sourceTree = "<group>"; };
		C443DEDA2B74F9D300AEF35A /* CalculationsListViewController.swift */ = {isa = PBXFileReference; lastKnownFileType = sourcecode.swift; path = CalculationsListViewController.swift; sourceTree = "<group>"; };
		C443DEE52B74FA1E00AEF35A /* Main.storyboard */ = {isa = PBXFileReference; fileEncoding = 4; lastKnownFileType = file.storyboard; path = Main.storyboard; sourceTree = "<group>"; };
		C443DEEB2B74FD0C00AEF35A /* HistoryTableViewCell.swift */ = {isa = PBXFileReference; lastKnownFileType = sourcecode.swift; path = HistoryTableViewCell.swift; sourceTree = "<group>"; };
		C443DEF32B74FD2100AEF35A /* HistoryTableViewCell.xib */ = {isa = PBXFileReference; lastKnownFileType = file.xib; path = HistoryTableViewCell.xib; sourceTree = "<group>"; };
		C44D18FA2B76029F0022AC04 /* Storage.swift */ = {isa = PBXFileReference; lastKnownFileType = sourcecode.swift; path = Storage.swift; sourceTree = "<group>"; };
		C4CD00A52B74F5D7005396AE /* TinkoffCalculator.app */ = {isa = PBXFileReference; explicitFileType = wrapper.application; includeInIndex = 0; path = TinkoffCalculator.app; sourceTree = BUILT_PRODUCTS_DIR; };
		C4CD00A82B74F5D7005396AE /* AppDelegate.swift */ = {isa = PBXFileReference; lastKnownFileType = sourcecode.swift; path = AppDelegate.swift; sourceTree = "<group>"; };
		C4CD00AA2B74F5D7005396AE /* SceneDelegate.swift */ = {isa = PBXFileReference; lastKnownFileType = sourcecode.swift; path = SceneDelegate.swift; sourceTree = "<group>"; };
		C4CD00AC2B74F5D7005396AE /* ViewController.swift */ = {isa = PBXFileReference; lastKnownFileType = sourcecode.swift; path = ViewController.swift; sourceTree = "<group>"; };
		C4CD00B12B74F5D8005396AE /* Assets.xcassets */ = {isa = PBXFileReference; lastKnownFileType = folder.assetcatalog; path = Assets.xcassets; sourceTree = "<group>"; };
		C4CD00B42B74F5D8005396AE /* Base */ = {isa = PBXFileReference; lastKnownFileType = file.storyboard; name = Base; path = Base.lproj/LaunchScreen.storyboard; sourceTree = "<group>"; };
		C4CD00B62B74F5D8005396AE /* Info.plist */ = {isa = PBXFileReference; lastKnownFileType = text.plist.xml; path = Info.plist; sourceTree = "<group>"; };
		C4CD00BB2B74F5D8005396AE /* TinkoffCalculatorTests.xctest */ = {isa = PBXFileReference; explicitFileType = wrapper.cfbundle; includeInIndex = 0; path = TinkoffCalculatorTests.xctest; sourceTree = BUILT_PRODUCTS_DIR; };
		C4CD00BF2B74F5D8005396AE /* TinkoffCalculatorTests.swift */ = {isa = PBXFileReference; lastKnownFileType = sourcecode.swift; path = TinkoffCalculatorTests.swift; sourceTree = "<group>"; };
		C4CD00C12B74F5D8005396AE /* Info.plist */ = {isa = PBXFileReference; lastKnownFileType = text.plist.xml; path = Info.plist; sourceTree = "<group>"; };
		C4CD00C62B74F5D8005396AE /* TinkoffCalculatorUITests.xctest */ = {isa = PBXFileReference; explicitFileType = wrapper.cfbundle; includeInIndex = 0; path = TinkoffCalculatorUITests.xctest; sourceTree = BUILT_PRODUCTS_DIR; };
		C4CD00CA2B74F5D8005396AE /* TinkoffCalculatorUITests.swift */ = {isa = PBXFileReference; lastKnownFileType = sourcecode.swift; path = TinkoffCalculatorUITests.swift; sourceTree = "<group>"; };
		C4CD00CC2B74F5D8005396AE /* Info.plist */ = {isa = PBXFileReference; lastKnownFileType = text.plist.xml; path = Info.plist; sourceTree = "<group>"; };
/* End PBXFileReference section */

/* Begin PBXFrameworksBuildPhase section */
		C4CD00A22B74F5D7005396AE /* Frameworks */ = {
			isa = PBXFrameworksBuildPhase;
			buildActionMask = 2147483647;
			files = (
			);
			runOnlyForDeploymentPostprocessing = 0;
		};
		C4CD00B82B74F5D8005396AE /* Frameworks */ = {
			isa = PBXFrameworksBuildPhase;
			buildActionMask = 2147483647;
			files = (
			);
			runOnlyForDeploymentPostprocessing = 0;
		};
		C4CD00C32B74F5D8005396AE /* Frameworks */ = {
			isa = PBXFrameworksBuildPhase;
			buildActionMask = 2147483647;
			files = (
			);
			runOnlyForDeploymentPostprocessing = 0;
		};
/* End PBXFrameworksBuildPhase section */

/* Begin PBXGroup section */
		C443DEEA2B74FCEB00AEF35A /* History */ = {
			isa = PBXGroup;
			children = (
				C443DEDA2B74F9D300AEF35A /* CalculationsListViewController.swift */,
				C443DEEB2B74FD0C00AEF35A /* HistoryTableViewCell.swift */,
				C443DEF32B74FD2100AEF35A /* HistoryTableViewCell.xib */,
			);
			path = History;
			sourceTree = "<group>";
		};
		C44D18F92B7602490022AC04 /* Storage */ = {
			isa = PBXGroup;
			children = (
				C44D18FA2B76029F0022AC04 /* Storage.swift */,
			);
			path = Storage;
			sourceTree = "<group>";
		};
		C4CD009C2B74F5D7005396AE = {
			isa = PBXGroup;
			children = (
				AADB3BFF2B7B571700BB7F84 /* AlertView.swift */,
				C4CD00A72B74F5D7005396AE /* TinkoffCalculator */,
				C4CD00BE2B74F5D8005396AE /* TinkoffCalculatorTests */,
				C4CD00C92B74F5D8005396AE /* TinkoffCalculatorUITests */,
				C4CD00A62B74F5D7005396AE /* Products */,
			);
			sourceTree = "<group>";
		};
		C4CD00A62B74F5D7005396AE /* Products */ = {
			isa = PBXGroup;
			children = (
				C4CD00A52B74F5D7005396AE /* TinkoffCalculator.app */,
				C4CD00BB2B74F5D8005396AE /* TinkoffCalculatorTests.xctest */,
				C4CD00C62B74F5D8005396AE /* TinkoffCalculatorUITests.xctest */,
			);
			name = Products;
			sourceTree = "<group>";
		};
		C4CD00A72B74F5D7005396AE /* TinkoffCalculator */ = {
			isa = PBXGroup;
			children = (
				C44D18F92B7602490022AC04 /* Storage */,
				C443DEEA2B74FCEB00AEF35A /* History */,
				C4CD00A82B74F5D7005396AE /* AppDelegate.swift */,
				C4CD00AA2B74F5D7005396AE /* SceneDelegate.swift */,
				C4CD00AC2B74F5D7005396AE /* ViewController.swift */,
				C4CD00B12B74F5D8005396AE /* Assets.xcassets */,
				C4CD00B32B74F5D8005396AE /* LaunchScreen.storyboard */,
				C443DEE52B74FA1E00AEF35A /* Main.storyboard */,
				C4CD00B62B74F5D8005396AE /* Info.plist */,
			);
			path = TinkoffCalculator;
			sourceTree = "<group>";
		};
		C4CD00BE2B74F5D8005396AE /* TinkoffCalculatorTests */ = {
			isa = PBXGroup;
			children = (
				C4CD00BF2B74F5D8005396AE /* TinkoffCalculatorTests.swift */,
				C4CD00C12B74F5D8005396AE /* Info.plist */,
			);
			path = TinkoffCalculatorTests;
			sourceTree = "<group>";
		};
		C4CD00C92B74F5D8005396AE /* TinkoffCalculatorUITests */ = {
			isa = PBXGroup;
			children = (
				C4CD00CA2B74F5D8005396AE /* TinkoffCalculatorUITests.swift */,
				C4CD00CC2B74F5D8005396AE /* Info.plist */,
			);
			path = TinkoffCalculatorUITests;
			sourceTree = "<group>";
		};
/* End PBXGroup section */

/* Begin PBXNativeTarget section */
		C4CD00A42B74F5D7005396AE /* TinkoffCalculator */ = {
			isa = PBXNativeTarget;
			buildConfigurationList = C4CD00CF2B74F5D8005396AE /* Build configuration list for PBXNativeTarget "TinkoffCalculator" */;
			buildPhases = (
				C4CD00A12B74F5D7005396AE /* Sources */,
				C4CD00A22B74F5D7005396AE /* Frameworks */,
				C4CD00A32B74F5D7005396AE /* Resources */,
			);
			buildRules = (
			);
			dependencies = (
			);
			name = TinkoffCalculator;
			productName = TinkoffCalculator;
			productReference = C4CD00A52B74F5D7005396AE /* TinkoffCalculator.app */;
			productType = "com.apple.product-type.application";
		};
		C4CD00BA2B74F5D8005396AE /* TinkoffCalculatorTests */ = {
			isa = PBXNativeTarget;
			buildConfigurationList = C4CD00D22B74F5D8005396AE /* Build configuration list for PBXNativeTarget "TinkoffCalculatorTests" */;
			buildPhases = (
				C4CD00B72B74F5D8005396AE /* Sources */,
				C4CD00B82B74F5D8005396AE /* Frameworks */,
				C4CD00B92B74F5D8005396AE /* Resources */,
			);
			buildRules = (
			);
			dependencies = (
				C4CD00BD2B74F5D8005396AE /* PBXTargetDependency */,
			);
			name = TinkoffCalculatorTests;
			productName = TinkoffCalculatorTests;
			productReference = C4CD00BB2B74F5D8005396AE /* TinkoffCalculatorTests.xctest */;
			productType = "com.apple.product-type.bundle.unit-test";
		};
		C4CD00C52B74F5D8005396AE /* TinkoffCalculatorUITests */ = {
			isa = PBXNativeTarget;
			buildConfigurationList = C4CD00D52B74F5D8005396AE /* Build configuration list for PBXNativeTarget "TinkoffCalculatorUITests" */;
			buildPhases = (
				C4CD00C22B74F5D8005396AE /* Sources */,
				C4CD00C32B74F5D8005396AE /* Frameworks */,
				C4CD00C42B74F5D8005396AE /* Resources */,
			);
			buildRules = (
			);
			dependencies = (
				C4CD00C82B74F5D8005396AE /* PBXTargetDependency */,
			);
			name = TinkoffCalculatorUITests;
			productName = TinkoffCalculatorUITests;
			productReference = C4CD00C62B74F5D8005396AE /* TinkoffCalculatorUITests.xctest */;
			productType = "com.apple.product-type.bundle.ui-testing";
		};
/* End PBXNativeTarget section */

/* Begin PBXProject section */
		C4CD009D2B74F5D7005396AE /* Project object */ = {
			isa = PBXProject;
			attributes = {
				LastSwiftUpdateCheck = 1240;
				LastUpgradeCheck = 1240;
				TargetAttributes = {
					C4CD00A42B74F5D7005396AE = {
						CreatedOnToolsVersion = 12.4;
					};
					C4CD00BA2B74F5D8005396AE = {
						CreatedOnToolsVersion = 12.4;
						TestTargetID = C4CD00A42B74F5D7005396AE;
					};
					C4CD00C52B74F5D8005396AE = {
						CreatedOnToolsVersion = 12.4;
						TestTargetID = C4CD00A42B74F5D7005396AE;
					};
				};
			};
			buildConfigurationList = C4CD00A02B74F5D7005396AE /* Build configuration list for PBXProject "TinkoffCalculator" */;
			compatibilityVersion = "Xcode 9.3";
			developmentRegion = en;
			hasScannedForEncodings = 0;
			knownRegions = (
				en,
				Base,
			);
			mainGroup = C4CD009C2B74F5D7005396AE;
			productRefGroup = C4CD00A62B74F5D7005396AE /* Products */;
			projectDirPath = "";
			projectRoot = "";
			targets = (
				C4CD00A42B74F5D7005396AE /* TinkoffCalculator */,
				C4CD00BA2B74F5D8005396AE /* TinkoffCalculatorTests */,
				C4CD00C52B74F5D8005396AE /* TinkoffCalculatorUITests */,
			);
		};
/* End PBXProject section */

/* Begin PBXResourcesBuildPhase section */
		C4CD00A32B74F5D7005396AE /* Resources */ = {
			isa = PBXResourcesBuildPhase;
			buildActionMask = 2147483647;
			files = (
				C443DEE62B74FA1E00AEF35A /* Main.storyboard in Resources */,
				C4CD00B52B74F5D8005396AE /* LaunchScreen.storyboard in Resources */,
				C443DEF42B74FD2100AEF35A /* HistoryTableViewCell.xib in Resources */,
				C4CD00B22B74F5D8005396AE /* Assets.xcassets in Resources */,
			);
			runOnlyForDeploymentPostprocessing = 0;
		};
		C4CD00B92B74F5D8005396AE /* Resources */ = {
			isa = PBXResourcesBuildPhase;
			buildActionMask = 2147483647;
			files = (
			);
			runOnlyForDeploymentPostprocessing = 0;
		};
		C4CD00C42B74F5D8005396AE /* Resources */ = {
			isa = PBXResourcesBuildPhase;
			buildActionMask = 2147483647;
			files = (
			);
			runOnlyForDeploymentPostprocessing = 0;
		};
/* End PBXResourcesBuildPhase section */

/* Begin PBXSourcesBuildPhase section */
		C4CD00A12B74F5D7005396AE /* Sources */ = {
			isa = PBXSourcesBuildPhase;
			buildActionMask = 2147483647;
			files = (
				C443DEDB2B74F9D300AEF35A /* CalculationsListViewController.swift in Sources */,
				C4CD00AD2B74F5D7005396AE /* ViewController.swift in Sources */,
				AADB3C002B7B571700BB7F84 /* AlertView.swift in Sources */,
				C4CD00A92B74F5D7005396AE /* AppDelegate.swift in Sources */,
				C4CD00AB2B74F5D7005396AE /* SceneDelegate.swift in Sources */,
				C443DEEC2B74FD0C00AEF35A /* HistoryTableViewCell.swift in Sources */,
				C44D18FB2B76029F0022AC04 /* Storage.swift in Sources */,
			);
			runOnlyForDeploymentPostprocessing = 0;
		};
		C4CD00B72B74F5D8005396AE /* Sources */ = {
			isa = PBXSourcesBuildPhase;
			buildActionMask = 2147483647;
			files = (
				C4CD00C02B74F5D8005396AE /* TinkoffCalculatorTests.swift in Sources */,
			);
			runOnlyForDeploymentPostprocessing = 0;
		};
		C4CD00C22B74F5D8005396AE /* Sources */ = {
			isa = PBXSourcesBuildPhase;
			buildActionMask = 2147483647;
			files = (
				C4CD00CB2B74F5D8005396AE /* TinkoffCalculatorUITests.swift in Sources */,
			);
			runOnlyForDeploymentPostprocessing = 0;
		};
/* End PBXSourcesBuildPhase section */

/* Begin PBXTargetDependency section */
		C4CD00BD2B74F5D8005396AE /* PBXTargetDependency */ = {
			isa = PBXTargetDependency;
			target = C4CD00A42B74F5D7005396AE /* TinkoffCalculator */;
			targetProxy = C4CD00BC2B74F5D8005396AE /* PBXContainerItemProxy */;
		};
		C4CD00C82B74F5D8005396AE /* PBXTargetDependency */ = {
			isa = PBXTargetDependency;
			target = C4CD00A42B74F5D7005396AE /* TinkoffCalculator */;
			targetProxy = C4CD00C72B74F5D8005396AE /* PBXContainerItemProxy */;
		};
/* End PBXTargetDependency section */

/* Begin PBXVariantGroup section */
		C4CD00B32B74F5D8005396AE /* LaunchScreen.storyboard */ = {
			isa = PBXVariantGroup;
			children = (
				C4CD00B42B74F5D8005396AE /* Base */,
			);
			name = LaunchScreen.storyboard;
			sourceTree = "<group>";
		};
/* End PBXVariantGroup section */

/* Begin XCBuildConfiguration section */
		C4CD00CD2B74F5D8005396AE /* Debug */ = {
			isa = XCBuildConfiguration;
			buildSettings = {
				ALWAYS_SEARCH_USER_PATHS = NO;
				CLANG_ANALYZER_NONNULL = YES;
				CLANG_ANALYZER_NUMBER_OBJECT_CONVERSION = YES_AGGRESSIVE;
				CLANG_CXX_LANGUAGE_STANDARD = "gnu++14";
				CLANG_CXX_LIBRARY = "libc++";
				CLANG_ENABLE_MODULES = YES;
				CLANG_ENABLE_OBJC_ARC = YES;
				CLANG_ENABLE_OBJC_WEAK = YES;
				CLANG_WARN_BLOCK_CAPTURE_AUTORELEASING = YES;
				CLANG_WARN_BOOL_CONVERSION = YES;
				CLANG_WARN_COMMA = YES;
				CLANG_WARN_CONSTANT_CONVERSION = YES;
				CLANG_WARN_DEPRECATED_OBJC_IMPLEMENTATIONS = YES;
				CLANG_WARN_DIRECT_OBJC_ISA_USAGE = YES_ERROR;
				CLANG_WARN_DOCUMENTATION_COMMENTS = YES;
				CLANG_WARN_EMPTY_BODY = YES;
				CLANG_WARN_ENUM_CONVERSION = YES;
				CLANG_WARN_INFINITE_RECURSION = YES;
				CLANG_WARN_INT_CONVERSION = YES;
				CLANG_WARN_NON_LITERAL_NULL_CONVERSION = YES;
				CLANG_WARN_OBJC_IMPLICIT_RETAIN_SELF = YES;
				CLANG_WARN_OBJC_LITERAL_CONVERSION = YES;
				CLANG_WARN_OBJC_ROOT_CLASS = YES_ERROR;
				CLANG_WARN_QUOTED_INCLUDE_IN_FRAMEWORK_HEADER = YES;
				CLANG_WARN_RANGE_LOOP_ANALYSIS = YES;
				CLANG_WARN_STRICT_PROTOTYPES = YES;
				CLANG_WARN_SUSPICIOUS_MOVE = YES;
				CLANG_WARN_UNGUARDED_AVAILABILITY = YES_AGGRESSIVE;
				CLANG_WARN_UNREACHABLE_CODE = YES;
				CLANG_WARN__DUPLICATE_METHOD_MATCH = YES;
				COPY_PHASE_STRIP = NO;
				DEBUG_INFORMATION_FORMAT = dwarf;
				ENABLE_STRICT_OBJC_MSGSEND = YES;
				ENABLE_TESTABILITY = YES;
				GCC_C_LANGUAGE_STANDARD = gnu11;
				GCC_DYNAMIC_NO_PIC = NO;
				GCC_NO_COMMON_BLOCKS = YES;
				GCC_OPTIMIZATION_LEVEL = 0;
				GCC_PREPROCESSOR_DEFINITIONS = (
					"DEBUG=1",
					"$(inherited)",
				);
				GCC_WARN_64_TO_32_BIT_CONVERSION = YES;
				GCC_WARN_ABOUT_RETURN_TYPE = YES_ERROR;
				GCC_WARN_UNDECLARED_SELECTOR = YES;
				GCC_WARN_UNINITIALIZED_AUTOS = YES_AGGRESSIVE;
				GCC_WARN_UNUSED_FUNCTION = YES;
				GCC_WARN_UNUSED_VARIABLE = YES;
				IPHONEOS_DEPLOYMENT_TARGET = 14.4;
				MTL_ENABLE_DEBUG_INFO = INCLUDE_SOURCE;
				MTL_FAST_MATH = YES;
				ONLY_ACTIVE_ARCH = YES;
				SDKROOT = iphoneos;
				SWIFT_ACTIVE_COMPILATION_CONDITIONS = DEBUG;
				SWIFT_OPTIMIZATION_LEVEL = "-Onone";
			};
			name = Debug;
		};
		C4CD00CE2B74F5D8005396AE /* Release */ = {
			isa = XCBuildConfiguration;
			buildSettings = {
				ALWAYS_SEARCH_USER_PATHS = NO;
				CLANG_ANALYZER_NONNULL = YES;
				CLANG_ANALYZER_NUMBER_OBJECT_CONVERSION = YES_AGGRESSIVE;
				CLANG_CXX_LANGUAGE_STANDARD = "gnu++14";
				CLANG_CXX_LIBRARY = "libc++";
				CLANG_ENABLE_MODULES = YES;
				CLANG_ENABLE_OBJC_ARC = YES;
				CLANG_ENABLE_OBJC_WEAK = YES;
				CLANG_WARN_BLOCK_CAPTURE_AUTORELEASING = YES;
				CLANG_WARN_BOOL_CONVERSION = YES;
				CLANG_WARN_COMMA = YES;
				CLANG_WARN_CONSTANT_CONVERSION = YES;
				CLANG_WARN_DEPRECATED_OBJC_IMPLEMENTATIONS = YES;
				CLANG_WARN_DIRECT_OBJC_ISA_USAGE = YES_ERROR;
				CLANG_WARN_DOCUMENTATION_COMMENTS = YES;
				CLANG_WARN_EMPTY_BODY = YES;
				CLANG_WARN_ENUM_CONVERSION = YES;
				CLANG_WARN_INFINITE_RECURSION = YES;
				CLANG_WARN_INT_CONVERSION = YES;
				CLANG_WARN_NON_LITERAL_NULL_CONVERSION = YES;
				CLANG_WARN_OBJC_IMPLICIT_RETAIN_SELF = YES;
				CLANG_WARN_OBJC_LITERAL_CONVERSION = YES;
				CLANG_WARN_OBJC_ROOT_CLASS = YES_ERROR;
				CLANG_WARN_QUOTED_INCLUDE_IN_FRAMEWORK_HEADER = YES;
				CLANG_WARN_RANGE_LOOP_ANALYSIS = YES;
				CLANG_WARN_STRICT_PROTOTYPES = YES;
				CLANG_WARN_SUSPICIOUS_MOVE = YES;
				CLANG_WARN_UNGUARDED_AVAILABILITY = YES_AGGRESSIVE;
				CLANG_WARN_UNREACHABLE_CODE = YES;
				CLANG_WARN__DUPLICATE_METHOD_MATCH = YES;
				COPY_PHASE_STRIP = NO;
				DEBUG_INFORMATION_FORMAT = "dwarf-with-dsym";
				ENABLE_NS_ASSERTIONS = NO;
				ENABLE_STRICT_OBJC_MSGSEND = YES;
				GCC_C_LANGUAGE_STANDARD = gnu11;
				GCC_NO_COMMON_BLOCKS = YES;
				GCC_WARN_64_TO_32_BIT_CONVERSION = YES;
				GCC_WARN_ABOUT_RETURN_TYPE = YES_ERROR;
				GCC_WARN_UNDECLARED_SELECTOR = YES;
				GCC_WARN_UNINITIALIZED_AUTOS = YES_AGGRESSIVE;
				GCC_WARN_UNUSED_FUNCTION = YES;
				GCC_WARN_UNUSED_VARIABLE = YES;
				IPHONEOS_DEPLOYMENT_TARGET = 14.4;
				MTL_ENABLE_DEBUG_INFO = NO;
				MTL_FAST_MATH = YES;
				SDKROOT = iphoneos;
				SWIFT_COMPILATION_MODE = wholemodule;
				SWIFT_OPTIMIZATION_LEVEL = "-O";
				VALIDATE_PRODUCT = YES;
			};
			name = Release;
		};
		C4CD00D02B74F5D8005396AE /* Debug */ = {
			isa = XCBuildConfiguration;
			buildSettings = {
				ASSETCATALOG_COMPILER_APPICON_NAME = AppIcon;
				ASSETCATALOG_COMPILER_GLOBAL_ACCENT_COLOR_NAME = AccentColor;
				CODE_SIGN_STYLE = Automatic;
				DEVELOPMENT_TEAM = HAQ7G4L567;
				INFOPLIST_FILE = TinkoffCalculator/Info.plist;
				LD_RUNPATH_SEARCH_PATHS = (
					"$(inherited)",
					"@executable_path/Frameworks",
				);
				PRODUCT_BUNDLE_IDENTIFIER = com.artsiomchekh.TinkoffCalculator;
				PRODUCT_NAME = "$(TARGET_NAME)";
				SWIFT_VERSION = 5.0;
				TARGETED_DEVICE_FAMILY = "1,2";
			};
			name = Debug;
		};
		C4CD00D12B74F5D8005396AE /* Release */ = {
			isa = XCBuildConfiguration;
			buildSettings = {
				ASSETCATALOG_COMPILER_APPICON_NAME = AppIcon;
				ASSETCATALOG_COMPILER_GLOBAL_ACCENT_COLOR_NAME = AccentColor;
				CODE_SIGN_STYLE = Automatic;
				DEVELOPMENT_TEAM = HAQ7G4L567;
				INFOPLIST_FILE = TinkoffCalculator/Info.plist;
				LD_RUNPATH_SEARCH_PATHS = (
					"$(inherited)",
					"@executable_path/Frameworks",
				);
				PRODUCT_BUNDLE_IDENTIFIER = com.artsiomchekh.TinkoffCalculator;
				PRODUCT_NAME = "$(TARGET_NAME)";
				SWIFT_VERSION = 5.0;
				TARGETED_DEVICE_FAMILY = "1,2";
			};
			name = Release;
		};
		C4CD00D32B74F5D8005396AE /* Debug */ = {
			isa = XCBuildConfiguration;
			buildSettings = {
				ALWAYS_EMBED_SWIFT_STANDARD_LIBRARIES = YES;
				BUNDLE_LOADER = "$(TEST_HOST)";
				CODE_SIGN_STYLE = Automatic;
				DEVELOPMENT_TEAM = HAQ7G4L567;
				INFOPLIST_FILE = TinkoffCalculatorTests/Info.plist;
				IPHONEOS_DEPLOYMENT_TARGET = 14.4;
				LD_RUNPATH_SEARCH_PATHS = (
					"$(inherited)",
					"@executable_path/Frameworks",
					"@loader_path/Frameworks",
				);
				PRODUCT_BUNDLE_IDENTIFIER = com.artsiomchekh.TinkoffCalculatorTests;
				PRODUCT_NAME = "$(TARGET_NAME)";
				SWIFT_VERSION = 5.0;
				TARGETED_DEVICE_FAMILY = "1,2";
				TEST_HOST = "$(BUILT_PRODUCTS_DIR)/TinkoffCalculator.app/TinkoffCalculator";
			};
			name = Debug;
		};
		C4CD00D42B74F5D8005396AE /* Release */ = {
			isa = XCBuildConfiguration;
			buildSettings = {
				ALWAYS_EMBED_SWIFT_STANDARD_LIBRARIES = YES;
				BUNDLE_LOADER = "$(TEST_HOST)";
				CODE_SIGN_STYLE = Automatic;
				DEVELOPMENT_TEAM = HAQ7G4L567;
				INFOPLIST_FILE = TinkoffCalculatorTests/Info.plist;
				IPHONEOS_DEPLOYMENT_TARGET = 14.4;
				LD_RUNPATH_SEARCH_PATHS = (
					"$(inherited)",
					"@executable_path/Frameworks",
					"@loader_path/Frameworks",
				);
				PRODUCT_BUNDLE_IDENTIFIER = com.artsiomchekh.TinkoffCalculatorTests;
				PRODUCT_NAME = "$(TARGET_NAME)";
				SWIFT_VERSION = 5.0;
				TARGETED_DEVICE_FAMILY = "1,2";
				TEST_HOST = "$(BUILT_PRODUCTS_DIR)/TinkoffCalculator.app/TinkoffCalculator";
			};
			name = Release;
		};
		C4CD00D62B74F5D8005396AE /* Debug */ = {
			isa = XCBuildConfiguration;
			buildSettings = {
				ALWAYS_EMBED_SWIFT_STANDARD_LIBRARIES = YES;
				CODE_SIGN_STYLE = Automatic;
				DEVELOPMENT_TEAM = HAQ7G4L567;
				INFOPLIST_FILE = TinkoffCalculatorUITests/Info.plist;
				LD_RUNPATH_SEARCH_PATHS = (
					"$(inherited)",
					"@executable_path/Frameworks",
					"@loader_path/Frameworks",
				);
				PRODUCT_BUNDLE_IDENTIFIER = com.artsiomchekh.TinkoffCalculatorUITests;
				PRODUCT_NAME = "$(TARGET_NAME)";
				SWIFT_VERSION = 5.0;
				TARGETED_DEVICE_FAMILY = "1,2";
				TEST_TARGET_NAME = TinkoffCalculator;
			};
			name = Debug;
		};
		C4CD00D72B74F5D8005396AE /* Release */ = {
			isa = XCBuildConfiguration;
			buildSettings = {
				ALWAYS_EMBED_SWIFT_STANDARD_LIBRARIES = YES;
				CODE_SIGN_STYLE = Automatic;
				DEVELOPMENT_TEAM = HAQ7G4L567;
				INFOPLIST_FILE = TinkoffCalculatorUITests/Info.plist;
				LD_RUNPATH_SEARCH_PATHS = (
					"$(inherited)",
					"@executable_path/Frameworks",
					"@loader_path/Frameworks",
				);
				PRODUCT_BUNDLE_IDENTIFIER = com.artsiomchekh.TinkoffCalculatorUITests;
				PRODUCT_NAME = "$(TARGET_NAME)";
				SWIFT_VERSION = 5.0;
				TARGETED_DEVICE_FAMILY = "1,2";
				TEST_TARGET_NAME = TinkoffCalculator;
			};
			name = Release;
		};
/* End XCBuildConfiguration section */

/* Begin XCConfigurationList section */
		C4CD00A02B74F5D7005396AE /* Build configuration list for PBXProject "TinkoffCalculator" */ = {
			isa = XCConfigurationList;
			buildConfigurations = (
				C4CD00CD2B74F5D8005396AE /* Debug */,
				C4CD00CE2B74F5D8005396AE /* Release */,
			);
			defaultConfigurationIsVisible = 0;
			defaultConfigurationName = Release;
		};
		C4CD00CF2B74F5D8005396AE /* Build configuration list for PBXNativeTarget "TinkoffCalculator" */ = {
			isa = XCConfigurationList;
			buildConfigurations = (
				C4CD00D02B74F5D8005396AE /* Debug */,
				C4CD00D12B74F5D8005396AE /* Release */,
			);
			defaultConfigurationIsVisible = 0;
			defaultConfigurationName = Release;
		};
		C4CD00D22B74F5D8005396AE /* Build configuration list for PBXNativeTarget "TinkoffCalculatorTests" */ = {
			isa = XCConfigurationList;
			buildConfigurations = (
				C4CD00D32B74F5D8005396AE /* Debug */,
				C4CD00D42B74F5D8005396AE /* Release */,
			);
			defaultConfigurationIsVisible = 0;
			defaultConfigurationName = Release;
		};
		C4CD00D52B74F5D8005396AE /* Build configuration list for PBXNativeTarget "TinkoffCalculatorUITests" */ = {
			isa = XCConfigurationList;
			buildConfigurations = (
				C4CD00D62B74F5D8005396AE /* Debug */,
				C4CD00D72B74F5D8005396AE /* Release */,
			);
			defaultConfigurationIsVisible = 0;
			defaultConfigurationName = Release;
		};
/* End XCConfigurationList section */
	};
	rootObject = C4CD009D2B74F5D7005396AE /* Project object */;
}
